
Microsoft Visual Studio Solution File, Format Version 12.00
# Visual Studio Version 17
VisualStudioVersion = 17.7.34018.315
MinimumVisualStudioVersion = 10.0.40219.1
Project("{FAE04EC0-301F-11D3-BF4B-00C04F79EFBC}") = "Geoguessr", "Geoguessr\Geoguessr.csproj", "{8FAE5146-B311-4C9D-BAA5-034B1677C2FE}"
EndProject
Global
	GlobalSection(SolutionConfigurationPlatforms) = preSolution
		Debug|Any CPU = Debug|Any CPU
		Release|Any CPU = Release|Any CPU
	EndGlobalSection
	GlobalSection(ProjectConfigurationPlatforms) = postSolution
		{8FAE5146-B311-4C9D-BAA5-034B1677C2FE}.Debug|Any CPU.ActiveCfg = Debug|Any CPU
		{8FAE5146-B311-4C9D-BAA5-034B1677C2FE}.Debug|Any CPU.Build.0 = Debug|Any CPU
		{8FAE5146-B311-4C9D-BAA5-034B1677C2FE}.Debug|Any CPU.Deploy.0 = Debug|Any CPU
		{8FAE5146-B311-4C9D-BAA5-034B1677C2FE}.Release|Any CPU.ActiveCfg = Release|Any CPU
		{8FAE5146-B311-4C9D-BAA5-034B1677C2FE}.Release|Any CPU.Build.0 = Release|Any CPU
		{8FAE5146-B311-4C9D-BAA5-034B1677C2FE}.Release|Any CPU.Deploy.0 = Release|Any CPU
	EndGlobalSection
	GlobalSection(SolutionProperties) = preSolution
		HideSolutionNode = FALSE
	EndGlobalSection
	GlobalSection(ExtensibilityGlobals) = postSolution
		SolutionGuid = {83D4783F-6219-49E5-B3FC-757543B879B9}
	EndGlobalSection
EndGlobal
